
Microsoft Visual Studio Solution File, Format Version 12.00
# Visual Studio Version 16
VisualStudioVersion = 16.0.29424.173
MinimumVisualStudioVersion = 10.0.40219.1
Project("{00D1A9C2-B5F0-4AF3-8072-F6C62B433612}") = "YCM.CLO.Sql", "YCM.CLO.Sql\YCM.CLO.Sql.sqlproj", "{8150F911-0785-4B6C-ADF3-43299A6F7C50}"
EndProject
Project("{FAE04EC0-301F-11D3-BF4B-00C04F79EFBC}") = "YCM.CLO.Web", "YCM.CLO.Web\YCM.CLO.Web.csproj", "{3E4BAB73-A84A-4BC0-A62F-F3A6AC167378}"
EndProject
Project("{FAE04EC0-301F-11D3-BF4B-00C04F79EFBC}") = "YCM.CLO.Web.Objects", "YCM.CLO.Web.Objects\YCM.CLO.Web.Objects.csproj", "{2CAADE3B-1292-49C8-A5BF-418329BC933B}"
EndProject
Project("{FAE04EC0-301F-11D3-BF4B-00C04F79EFBC}") = "YCM.CLO.DataAccess", "YCM.CLO.DataAccess\YCM.CLO.DataAccess.csproj", "{91F91003-4F09-4DBC-BB26-1C7201CED110}"
EndProject
Project("{FAE04EC0-301F-11D3-BF4B-00C04F79EFBC}") = "YCM.CLO.DTO", "YCM.CLO.DTO\YCM.CLO.DTO.csproj", "{0922EAB0-AEDE-434B-A9F6-3D98FD6B2956}"
EndProject
Project("{FAE04EC0-301F-11D3-BF4B-00C04F79EFBC}") = "YCM.CLO.CalculationEngine", "YCM.CLO.CalculationEngine\YCM.CLO.CalculationEngine.csproj", "{6CAA0EC7-1395-4250-AB41-959FC4086417}"
EndProject
Project("{FAE04EC0-301F-11D3-BF4B-00C04F79EFBC}") = "YCM.CLO.CalculationEngine.Objects", "YCM.CLO.CalculationEngine.Objects\YCM.CLO.CalculationEngine.Objects.csproj", "{402B0BF9-A1FB-453E-BDEF-B12765ABCE6B}"
EndProject
Project("{2150E333-8FDC-42A3-9474-1A3956D46DE8}") = "Service", "Service", "{3F5039D9-6A78-4357-AE90-9CDBCF895EFC}"
EndProject
Project("{2150E333-8FDC-42A3-9474-1A3956D46DE8}") = "UI", "UI", "{FFA4CD79-FA70-4D2E-8EA4-40380890C3B3}"
EndProject
Project("{2150E333-8FDC-42A3-9474-1A3956D46DE8}") = "Database", "Database", "{90E9555A-5C74-48C5-85E5-5A4DB5BB08B9}"
EndProject
Project("{2150E333-8FDC-42A3-9474-1A3956D46DE8}") = "Extras", "Extras", "{C735EFE1-540A-4E81-A50E-574A470E36B0}"
EndProject
Project("{FAE04EC0-301F-11D3-BF4B-00C04F79EFBC}") = "YCM.CLO.AnalystLinkage", "YCM.CLO.AnalystLinkage\YCM.CLO.AnalystLinkage.csproj", "{3B17B274-67FC-4F02-AC67-C2B247866039}"
EndProject
Project("{2150E333-8FDC-42A3-9474-1A3956D46DE8}") = "UnitTests", "UnitTests", "{C6718AFC-1422-41FC-A01C-E3B2A6A0ACE4}"
EndProject
Project("{FAE04EC0-301F-11D3-BF4B-00C04F79EFBC}") = "UnitTests", "UnitTests\UnitTests.csproj", "{2BA87A50-D096-43BF-9A5B-3630E6D28F7F}"
EndProject
Project("{9A19103F-16F7-4668-BE54-9A1E7A4F7556}") = "YCM.CLO.TradeFileImporter", "YCM.CLO.TradeFileImporter\YCM.CLO.TradeFileImporter.csproj", "{B5A08485-50B0-4C19-BD76-1A8EB7507780}"
EndProject
Project("{2150E333-8FDC-42A3-9474-1A3956D46DE8}") = "Solution Items", "Solution Items", "{9976CE86-0DCF-49CC-9291-64291B342CA9}"
	ProjectSection(SolutionItems) = preProject
		CLO Report.pbix = CLO Report.pbix
	EndProjectSection
EndProject
Project("{FAE04EC0-301F-11D3-BF4B-00C04F79EFBC}") = "WSOImport", "..\WSOImport\WSOImport.csproj", "{097853D6-8578-416D-880F-91A7EFB36D9C}"
EndProject
Project("{FAE04EC0-301F-11D3-BF4B-00C04F79EFBC}") = "CsvProcessor", "CsvProcessor\CsvProcessor.csproj", "{D76A0B8A-99AC-4CF4-832A-18A271E644D1}"
EndProject
Global
	GlobalSection(SolutionConfigurationPlatforms) = preSolution
		Debug|Any CPU = Debug|Any CPU
		Deploy-Dev|Any CPU = Deploy-Dev|Any CPU
		Deploy-Prod|Any CPU = Deploy-Prod|Any CPU
		Deploy-UAT|Any CPU = Deploy-UAT|Any CPU
		DEV|Any CPU = DEV|Any CPU
		PROD|Any CPU = PROD|Any CPU
		Release|Any CPU = Release|Any CPU
		UAT|Any CPU = UAT|Any CPU
	EndGlobalSection
	GlobalSection(ProjectConfigurationPlatforms) = postSolution
		{8150F911-0785-4B6C-ADF3-43299A6F7C50}.Debug|Any CPU.ActiveCfg = Debug|Any CPU
		{8150F911-0785-4B6C-ADF3-43299A6F7C50}.Debug|Any CPU.Deploy.0 = Debug|Any CPU
		{8150F911-0785-4B6C-ADF3-43299A6F7C50}.Deploy-Dev|Any CPU.ActiveCfg = Debug|Any CPU
		{8150F911-0785-4B6C-ADF3-43299A6F7C50}.Deploy-Dev|Any CPU.Build.0 = Debug|Any CPU
		{8150F911-0785-4B6C-ADF3-43299A6F7C50}.Deploy-Dev|Any CPU.Deploy.0 = Debug|Any CPU
		{8150F911-0785-4B6C-ADF3-43299A6F7C50}.Deploy-Prod|Any CPU.ActiveCfg = Debug|Any CPU
		{8150F911-0785-4B6C-ADF3-43299A6F7C50}.Deploy-Prod|Any CPU.Build.0 = Debug|Any CPU
		{8150F911-0785-4B6C-ADF3-43299A6F7C50}.Deploy-Prod|Any CPU.Deploy.0 = Debug|Any CPU
		{8150F911-0785-4B6C-ADF3-43299A6F7C50}.Deploy-UAT|Any CPU.ActiveCfg = UAT|Any CPU
		{8150F911-0785-4B6C-ADF3-43299A6F7C50}.Deploy-UAT|Any CPU.Build.0 = UAT|Any CPU
		{8150F911-0785-4B6C-ADF3-43299A6F7C50}.Deploy-UAT|Any CPU.Deploy.0 = UAT|Any CPU
		{8150F911-0785-4B6C-ADF3-43299A6F7C50}.DEV|Any CPU.ActiveCfg = Debug|Any CPU
		{8150F911-0785-4B6C-ADF3-43299A6F7C50}.DEV|Any CPU.Build.0 = Debug|Any CPU
		{8150F911-0785-4B6C-ADF3-43299A6F7C50}.DEV|Any CPU.Deploy.0 = Debug|Any CPU
		{8150F911-0785-4B6C-ADF3-43299A6F7C50}.PROD|Any CPU.ActiveCfg = PROD|Any CPU
		{8150F911-0785-4B6C-ADF3-43299A6F7C50}.PROD|Any CPU.Build.0 = PROD|Any CPU
		{8150F911-0785-4B6C-ADF3-43299A6F7C50}.PROD|Any CPU.Deploy.0 = PROD|Any CPU
		{8150F911-0785-4B6C-ADF3-43299A6F7C50}.Release|Any CPU.ActiveCfg = Release|Any CPU
		{8150F911-0785-4B6C-ADF3-43299A6F7C50}.Release|Any CPU.Build.0 = Release|Any CPU
		{8150F911-0785-4B6C-ADF3-43299A6F7C50}.Release|Any CPU.Deploy.0 = Release|Any CPU
		{8150F911-0785-4B6C-ADF3-43299A6F7C50}.UAT|Any CPU.ActiveCfg = UAT|Any CPU
		{8150F911-0785-4B6C-ADF3-43299A6F7C50}.UAT|Any CPU.Build.0 = UAT|Any CPU
		{8150F911-0785-4B6C-ADF3-43299A6F7C50}.UAT|Any CPU.Deploy.0 = UAT|Any CPU
		{3E4BAB73-A84A-4BC0-A62F-F3A6AC167378}.Debug|Any CPU.ActiveCfg = Debug|Any CPU
		{3E4BAB73-A84A-4BC0-A62F-F3A6AC167378}.Debug|Any CPU.Build.0 = Debug|Any CPU
		{3E4BAB73-A84A-4BC0-A62F-F3A6AC167378}.Deploy-Dev|Any CPU.ActiveCfg = Debug|Any CPU
		{3E4BAB73-A84A-4BC0-A62F-F3A6AC167378}.Deploy-Prod|Any CPU.ActiveCfg = Debug|Any CPU
		{3E4BAB73-A84A-4BC0-A62F-F3A6AC167378}.Deploy-UAT|Any CPU.ActiveCfg = UAT|Any CPU
		{3E4BAB73-A84A-4BC0-A62F-F3A6AC167378}.DEV|Any CPU.ActiveCfg = Debug|Any CPU
		{3E4BAB73-A84A-4BC0-A62F-F3A6AC167378}.PROD|Any CPU.ActiveCfg = PROD|Any CPU
		{3E4BAB73-A84A-4BC0-A62F-F3A6AC167378}.PROD|Any CPU.Build.0 = PROD|Any CPU
		{3E4BAB73-A84A-4BC0-A62F-F3A6AC167378}.Release|Any CPU.ActiveCfg = Release|Any CPU
		{3E4BAB73-A84A-4BC0-A62F-F3A6AC167378}.Release|Any CPU.Build.0 = Release|Any CPU
		{3E4BAB73-A84A-4BC0-A62F-F3A6AC167378}.UAT|Any CPU.ActiveCfg = UAT|Any CPU
		{3E4BAB73-A84A-4BC0-A62F-F3A6AC167378}.UAT|Any CPU.Build.0 = UAT|Any CPU
		{2CAADE3B-1292-49C8-A5BF-418329BC933B}.Debug|Any CPU.ActiveCfg = Debug|Any CPU
		{2CAADE3B-1292-49C8-A5BF-418329BC933B}.Debug|Any CPU.Build.0 = Debug|Any CPU
		{2CAADE3B-1292-49C8-A5BF-418329BC933B}.Deploy-Dev|Any CPU.ActiveCfg = Debug|Any CPU
		{2CAADE3B-1292-49C8-A5BF-418329BC933B}.Deploy-Dev|Any CPU.Build.0 = Debug|Any CPU
		{2CAADE3B-1292-49C8-A5BF-418329BC933B}.Deploy-Prod|Any CPU.ActiveCfg = Debug|Any CPU
		{2CAADE3B-1292-49C8-A5BF-418329BC933B}.Deploy-Prod|Any CPU.Build.0 = Debug|Any CPU
		{2CAADE3B-1292-49C8-A5BF-418329BC933B}.Deploy-UAT|Any CPU.ActiveCfg = UAT|Any CPU
		{2CAADE3B-1292-49C8-A5BF-418329BC933B}.Deploy-UAT|Any CPU.Build.0 = UAT|Any CPU
		{2CAADE3B-1292-49C8-A5BF-418329BC933B}.DEV|Any CPU.ActiveCfg = Debug|Any CPU
		{2CAADE3B-1292-49C8-A5BF-418329BC933B}.DEV|Any CPU.Build.0 = Debug|Any CPU
		{2CAADE3B-1292-49C8-A5BF-418329BC933B}.PROD|Any CPU.ActiveCfg = PROD|Any CPU
		{2CAADE3B-1292-49C8-A5BF-418329BC933B}.PROD|Any CPU.Build.0 = PROD|Any CPU
		{2CAADE3B-1292-49C8-A5BF-418329BC933B}.Release|Any CPU.ActiveCfg = Release|Any CPU
		{2CAADE3B-1292-49C8-A5BF-418329BC933B}.Release|Any CPU.Build.0 = Release|Any CPU
		{2CAADE3B-1292-49C8-A5BF-418329BC933B}.UAT|Any CPU.ActiveCfg = UAT|Any CPU
		{2CAADE3B-1292-49C8-A5BF-418329BC933B}.UAT|Any CPU.Build.0 = UAT|Any CPU
		{91F91003-4F09-4DBC-BB26-1C7201CED110}.Debug|Any CPU.ActiveCfg = Debug|Any CPU
		{91F91003-4F09-4DBC-BB26-1C7201CED110}.Debug|Any CPU.Build.0 = Debug|Any CPU
		{91F91003-4F09-4DBC-BB26-1C7201CED110}.Deploy-Dev|Any CPU.ActiveCfg = Debug|Any CPU
		{91F91003-4F09-4DBC-BB26-1C7201CED110}.Deploy-Dev|Any CPU.Build.0 = Debug|Any CPU
		{91F91003-4F09-4DBC-BB26-1C7201CED110}.Deploy-Prod|Any CPU.ActiveCfg = Debug|Any CPU
		{91F91003-4F09-4DBC-BB26-1C7201CED110}.Deploy-Prod|Any CPU.Build.0 = Debug|Any CPU
		{91F91003-4F09-4DBC-BB26-1C7201CED110}.Deploy-UAT|Any CPU.ActiveCfg = UAT|Any CPU
		{91F91003-4F09-4DBC-BB26-1C7201CED110}.Deploy-UAT|Any CPU.Build.0 = UAT|Any CPU
		{91F91003-4F09-4DBC-BB26-1C7201CED110}.DEV|Any CPU.ActiveCfg = Debug|Any CPU
		{91F91003-4F09-4DBC-BB26-1C7201CED110}.DEV|Any CPU.Build.0 = Debug|Any CPU
		{91F91003-4F09-4DBC-BB26-1C7201CED110}.PROD|Any CPU.ActiveCfg = PROD|Any CPU
		{91F91003-4F09-4DBC-BB26-1C7201CED110}.PROD|Any CPU.Build.0 = PROD|Any CPU
		{91F91003-4F09-4DBC-BB26-1C7201CED110}.Release|Any CPU.ActiveCfg = Release|Any CPU
		{91F91003-4F09-4DBC-BB26-1C7201CED110}.Release|Any CPU.Build.0 = Release|Any CPU
		{91F91003-4F09-4DBC-BB26-1C7201CED110}.UAT|Any CPU.ActiveCfg = UAT|Any CPU
		{91F91003-4F09-4DBC-BB26-1C7201CED110}.UAT|Any CPU.Build.0 = UAT|Any CPU
		{0922EAB0-AEDE-434B-A9F6-3D98FD6B2956}.Debug|Any CPU.ActiveCfg = Debug|Any CPU
		{0922EAB0-AEDE-434B-A9F6-3D98FD6B2956}.Debug|Any CPU.Build.0 = Debug|Any CPU
		{0922EAB0-AEDE-434B-A9F6-3D98FD6B2956}.Deploy-Dev|Any CPU.ActiveCfg = Debug|Any CPU
		{0922EAB0-AEDE-434B-A9F6-3D98FD6B2956}.Deploy-Dev|Any CPU.Build.0 = Debug|Any CPU
		{0922EAB0-AEDE-434B-A9F6-3D98FD6B2956}.Deploy-Prod|Any CPU.ActiveCfg = Debug|Any CPU
		{0922EAB0-AEDE-434B-A9F6-3D98FD6B2956}.Deploy-Prod|Any CPU.Build.0 = Debug|Any CPU
		{0922EAB0-AEDE-434B-A9F6-3D98FD6B2956}.Deploy-UAT|Any CPU.ActiveCfg = UAT|Any CPU
		{0922EAB0-AEDE-434B-A9F6-3D98FD6B2956}.Deploy-UAT|Any CPU.Build.0 = UAT|Any CPU
		{0922EAB0-AEDE-434B-A9F6-3D98FD6B2956}.DEV|Any CPU.ActiveCfg = Debug|Any CPU
		{0922EAB0-AEDE-434B-A9F6-3D98FD6B2956}.DEV|Any CPU.Build.0 = Debug|Any CPU
		{0922EAB0-AEDE-434B-A9F6-3D98FD6B2956}.PROD|Any CPU.ActiveCfg = PROD|Any CPU
		{0922EAB0-AEDE-434B-A9F6-3D98FD6B2956}.PROD|Any CPU.Build.0 = PROD|Any CPU
		{0922EAB0-AEDE-434B-A9F6-3D98FD6B2956}.Release|Any CPU.ActiveCfg = Release|Any CPU
		{0922EAB0-AEDE-434B-A9F6-3D98FD6B2956}.Release|Any CPU.Build.0 = Release|Any CPU
		{0922EAB0-AEDE-434B-A9F6-3D98FD6B2956}.UAT|Any CPU.ActiveCfg = UAT|Any CPU
		{0922EAB0-AEDE-434B-A9F6-3D98FD6B2956}.UAT|Any CPU.Build.0 = UAT|Any CPU
		{6CAA0EC7-1395-4250-AB41-959FC4086417}.Debug|Any CPU.ActiveCfg = Debug|Any CPU
		{6CAA0EC7-1395-4250-AB41-959FC4086417}.Debug|Any CPU.Build.0 = Debug|Any CPU
		{6CAA0EC7-1395-4250-AB41-959FC4086417}.Deploy-Dev|Any CPU.ActiveCfg = DEV|Any CPU
		{6CAA0EC7-1395-4250-AB41-959FC4086417}.Deploy-Dev|Any CPU.Build.0 = DEV|Any CPU
		{6CAA0EC7-1395-4250-AB41-959FC4086417}.Deploy-Prod|Any CPU.ActiveCfg = DEV|Any CPU
		{6CAA0EC7-1395-4250-AB41-959FC4086417}.Deploy-Prod|Any CPU.Build.0 = DEV|Any CPU
		{6CAA0EC7-1395-4250-AB41-959FC4086417}.Deploy-UAT|Any CPU.ActiveCfg = UAT|Any CPU
		{6CAA0EC7-1395-4250-AB41-959FC4086417}.Deploy-UAT|Any CPU.Build.0 = UAT|Any CPU
		{6CAA0EC7-1395-4250-AB41-959FC4086417}.DEV|Any CPU.ActiveCfg = DEV|Any CPU
		{6CAA0EC7-1395-4250-AB41-959FC4086417}.DEV|Any CPU.Build.0 = DEV|Any CPU
		{6CAA0EC7-1395-4250-AB41-959FC4086417}.PROD|Any CPU.ActiveCfg = PROD|Any CPU
		{6CAA0EC7-1395-4250-AB41-959FC4086417}.PROD|Any CPU.Build.0 = PROD|Any CPU
		{6CAA0EC7-1395-4250-AB41-959FC4086417}.Release|Any CPU.ActiveCfg = Release|Any CPU
		{6CAA0EC7-1395-4250-AB41-959FC4086417}.Release|Any CPU.Build.0 = Release|Any CPU
		{6CAA0EC7-1395-4250-AB41-959FC4086417}.UAT|Any CPU.ActiveCfg = UAT|Any CPU
		{6CAA0EC7-1395-4250-AB41-959FC4086417}.UAT|Any CPU.Build.0 = UAT|Any CPU
		{402B0BF9-A1FB-453E-BDEF-B12765ABCE6B}.Debug|Any CPU.ActiveCfg = Debug|Any CPU
		{402B0BF9-A1FB-453E-BDEF-B12765ABCE6B}.Debug|Any CPU.Build.0 = Debug|Any CPU
		{402B0BF9-A1FB-453E-BDEF-B12765ABCE6B}.Deploy-Dev|Any CPU.ActiveCfg = DEV|Any CPU
		{402B0BF9-A1FB-453E-BDEF-B12765ABCE6B}.Deploy-Dev|Any CPU.Build.0 = DEV|Any CPU
		{402B0BF9-A1FB-453E-BDEF-B12765ABCE6B}.Deploy-Prod|Any CPU.ActiveCfg = DEV|Any CPU
		{402B0BF9-A1FB-453E-BDEF-B12765ABCE6B}.Deploy-Prod|Any CPU.Build.0 = DEV|Any CPU
		{402B0BF9-A1FB-453E-BDEF-B12765ABCE6B}.Deploy-UAT|Any CPU.ActiveCfg = UAT|Any CPU
		{402B0BF9-A1FB-453E-BDEF-B12765ABCE6B}.Deploy-UAT|Any CPU.Build.0 = UAT|Any CPU
		{402B0BF9-A1FB-453E-BDEF-B12765ABCE6B}.DEV|Any CPU.ActiveCfg = DEV|Any CPU
		{402B0BF9-A1FB-453E-BDEF-B12765ABCE6B}.DEV|Any CPU.Build.0 = DEV|Any CPU
		{402B0BF9-A1FB-453E-BDEF-B12765ABCE6B}.PROD|Any CPU.ActiveCfg = PROD|Any CPU
		{402B0BF9-A1FB-453E-BDEF-B12765ABCE6B}.PROD|Any CPU.Build.0 = PROD|Any CPU
		{402B0BF9-A1FB-453E-BDEF-B12765ABCE6B}.Release|Any CPU.ActiveCfg = Release|Any CPU
		{402B0BF9-A1FB-453E-BDEF-B12765ABCE6B}.Release|Any CPU.Build.0 = Release|Any CPU
		{402B0BF9-A1FB-453E-BDEF-B12765ABCE6B}.UAT|Any CPU.ActiveCfg = UAT|Any CPU
		{402B0BF9-A1FB-453E-BDEF-B12765ABCE6B}.UAT|Any CPU.Build.0 = UAT|Any CPU
		{3B17B274-67FC-4F02-AC67-C2B247866039}.Debug|Any CPU.ActiveCfg = Debug|Any CPU
		{3B17B274-67FC-4F02-AC67-C2B247866039}.Debug|Any CPU.Build.0 = Debug|Any CPU
		{3B17B274-67FC-4F02-AC67-C2B247866039}.Deploy-Dev|Any CPU.ActiveCfg = Debug|Any CPU
		{3B17B274-67FC-4F02-AC67-C2B247866039}.Deploy-Dev|Any CPU.Build.0 = Debug|Any CPU
		{3B17B274-67FC-4F02-AC67-C2B247866039}.Deploy-Prod|Any CPU.ActiveCfg = Debug|Any CPU
		{3B17B274-67FC-4F02-AC67-C2B247866039}.Deploy-Prod|Any CPU.Build.0 = Debug|Any CPU
		{3B17B274-67FC-4F02-AC67-C2B247866039}.Deploy-UAT|Any CPU.ActiveCfg = Debug|Any CPU
		{3B17B274-67FC-4F02-AC67-C2B247866039}.Deploy-UAT|Any CPU.Build.0 = Debug|Any CPU
		{3B17B274-67FC-4F02-AC67-C2B247866039}.DEV|Any CPU.ActiveCfg = Debug|Any CPU
		{3B17B274-67FC-4F02-AC67-C2B247866039}.DEV|Any CPU.Build.0 = Debug|Any CPU
		{3B17B274-67FC-4F02-AC67-C2B247866039}.PROD|Any CPU.ActiveCfg = Release|Any CPU
		{3B17B274-67FC-4F02-AC67-C2B247866039}.PROD|Any CPU.Build.0 = Release|Any CPU
		{3B17B274-67FC-4F02-AC67-C2B247866039}.Release|Any CPU.ActiveCfg = Release|Any CPU
		{3B17B274-67FC-4F02-AC67-C2B247866039}.Release|Any CPU.Build.0 = Release|Any CPU
		{3B17B274-67FC-4F02-AC67-C2B247866039}.UAT|Any CPU.ActiveCfg = Release|Any CPU
		{3B17B274-67FC-4F02-AC67-C2B247866039}.UAT|Any CPU.Build.0 = Release|Any CPU
		{2BA87A50-D096-43BF-9A5B-3630E6D28F7F}.Debug|Any CPU.ActiveCfg = Debug|Any CPU
		{2BA87A50-D096-43BF-9A5B-3630E6D28F7F}.Debug|Any CPU.Build.0 = Debug|Any CPU
		{2BA87A50-D096-43BF-9A5B-3630E6D28F7F}.Deploy-Dev|Any CPU.ActiveCfg = Debug|Any CPU
		{2BA87A50-D096-43BF-9A5B-3630E6D28F7F}.Deploy-Dev|Any CPU.Build.0 = Debug|Any CPU
		{2BA87A50-D096-43BF-9A5B-3630E6D28F7F}.Deploy-Prod|Any CPU.ActiveCfg = Debug|Any CPU
		{2BA87A50-D096-43BF-9A5B-3630E6D28F7F}.Deploy-Prod|Any CPU.Build.0 = Debug|Any CPU
		{2BA87A50-D096-43BF-9A5B-3630E6D28F7F}.Deploy-UAT|Any CPU.ActiveCfg = Debug|Any CPU
		{2BA87A50-D096-43BF-9A5B-3630E6D28F7F}.Deploy-UAT|Any CPU.Build.0 = Debug|Any CPU
		{2BA87A50-D096-43BF-9A5B-3630E6D28F7F}.DEV|Any CPU.ActiveCfg = Debug|Any CPU
		{2BA87A50-D096-43BF-9A5B-3630E6D28F7F}.DEV|Any CPU.Build.0 = Debug|Any CPU
		{2BA87A50-D096-43BF-9A5B-3630E6D28F7F}.PROD|Any CPU.ActiveCfg = Release|Any CPU
		{2BA87A50-D096-43BF-9A5B-3630E6D28F7F}.PROD|Any CPU.Build.0 = Release|Any CPU
		{2BA87A50-D096-43BF-9A5B-3630E6D28F7F}.Release|Any CPU.ActiveCfg = Release|Any CPU
		{2BA87A50-D096-43BF-9A5B-3630E6D28F7F}.Release|Any CPU.Build.0 = Release|Any CPU
		{2BA87A50-D096-43BF-9A5B-3630E6D28F7F}.UAT|Any CPU.ActiveCfg = Release|Any CPU
		{2BA87A50-D096-43BF-9A5B-3630E6D28F7F}.UAT|Any CPU.Build.0 = Release|Any CPU
		{B5A08485-50B0-4C19-BD76-1A8EB7507780}.Debug|Any CPU.ActiveCfg = Debug|Any CPU
		{B5A08485-50B0-4C19-BD76-1A8EB7507780}.Deploy-Dev|Any CPU.ActiveCfg = Debug|Any CPU
		{B5A08485-50B0-4C19-BD76-1A8EB7507780}.Deploy-Dev|Any CPU.Build.0 = Debug|Any CPU
		{B5A08485-50B0-4C19-BD76-1A8EB7507780}.Deploy-Prod|Any CPU.ActiveCfg = Debug|Any CPU
		{B5A08485-50B0-4C19-BD76-1A8EB7507780}.Deploy-Prod|Any CPU.Build.0 = Debug|Any CPU
		{B5A08485-50B0-4C19-BD76-1A8EB7507780}.Deploy-UAT|Any CPU.ActiveCfg = Debug|Any CPU
		{B5A08485-50B0-4C19-BD76-1A8EB7507780}.Deploy-UAT|Any CPU.Build.0 = Debug|Any CPU
		{B5A08485-50B0-4C19-BD76-1A8EB7507780}.DEV|Any CPU.ActiveCfg = Debug|Any CPU
		{B5A08485-50B0-4C19-BD76-1A8EB7507780}.DEV|Any CPU.Build.0 = Debug|Any CPU
		{B5A08485-50B0-4C19-BD76-1A8EB7507780}.PROD|Any CPU.ActiveCfg = Debug|Any CPU
		{B5A08485-50B0-4C19-BD76-1A8EB7507780}.PROD|Any CPU.Build.0 = Debug|Any CPU
		{B5A08485-50B0-4C19-BD76-1A8EB7507780}.Release|Any CPU.ActiveCfg = Release|Any CPU
		{B5A08485-50B0-4C19-BD76-1A8EB7507780}.UAT|Any CPU.ActiveCfg = Debug|Any CPU
		{B5A08485-50B0-4C19-BD76-1A8EB7507780}.UAT|Any CPU.Build.0 = Debug|Any CPU
		{097853D6-8578-416D-880F-91A7EFB36D9C}.Debug|Any CPU.ActiveCfg = Debug|Any CPU
		{097853D6-8578-416D-880F-91A7EFB36D9C}.Debug|Any CPU.Build.0 = Debug|Any CPU
		{097853D6-8578-416D-880F-91A7EFB36D9C}.Deploy-Dev|Any CPU.ActiveCfg = Debug|Any CPU
		{097853D6-8578-416D-880F-91A7EFB36D9C}.Deploy-Dev|Any CPU.Build.0 = Debug|Any CPU
		{097853D6-8578-416D-880F-91A7EFB36D9C}.Deploy-Prod|Any CPU.ActiveCfg = Debug|Any CPU
		{097853D6-8578-416D-880F-91A7EFB36D9C}.Deploy-Prod|Any CPU.Build.0 = Debug|Any CPU
		{097853D6-8578-416D-880F-91A7EFB36D9C}.Deploy-UAT|Any CPU.ActiveCfg = Debug|Any CPU
		{097853D6-8578-416D-880F-91A7EFB36D9C}.Deploy-UAT|Any CPU.Build.0 = Debug|Any CPU
		{097853D6-8578-416D-880F-91A7EFB36D9C}.DEV|Any CPU.ActiveCfg = Debug|Any CPU
		{097853D6-8578-416D-880F-91A7EFB36D9C}.DEV|Any CPU.Build.0 = Debug|Any CPU
		{097853D6-8578-416D-880F-91A7EFB36D9C}.PROD|Any CPU.ActiveCfg = Debug|Any CPU
		{097853D6-8578-416D-880F-91A7EFB36D9C}.PROD|Any CPU.Build.0 = Debug|Any CPU
		{097853D6-8578-416D-880F-91A7EFB36D9C}.Release|Any CPU.ActiveCfg = Release|Any CPU
		{097853D6-8578-416D-880F-91A7EFB36D9C}.Release|Any CPU.Build.0 = Release|Any CPU
		{097853D6-8578-416D-880F-91A7EFB36D9C}.UAT|Any CPU.ActiveCfg = Debug|Any CPU
		{097853D6-8578-416D-880F-91A7EFB36D9C}.UAT|Any CPU.Build.0 = Debug|Any CPU
		{D76A0B8A-99AC-4CF4-832A-18A271E644D1}.Debug|Any CPU.ActiveCfg = Debug|Any CPU
		{D76A0B8A-99AC-4CF4-832A-18A271E644D1}.Debug|Any CPU.Build.0 = Debug|Any CPU
		{D76A0B8A-99AC-4CF4-832A-18A271E644D1}.Deploy-Dev|Any CPU.ActiveCfg = Debug|Any CPU
		{D76A0B8A-99AC-4CF4-832A-18A271E644D1}.Deploy-Dev|Any CPU.Build.0 = Debug|Any CPU
		{D76A0B8A-99AC-4CF4-832A-18A271E644D1}.Deploy-Prod|Any CPU.ActiveCfg = Debug|Any CPU
		{D76A0B8A-99AC-4CF4-832A-18A271E644D1}.Deploy-Prod|Any CPU.Build.0 = Debug|Any CPU
		{D76A0B8A-99AC-4CF4-832A-18A271E644D1}.Deploy-UAT|Any CPU.ActiveCfg = Debug|Any CPU
		{D76A0B8A-99AC-4CF4-832A-18A271E644D1}.Deploy-UAT|Any CPU.Build.0 = Debug|Any CPU
		{D76A0B8A-99AC-4CF4-832A-18A271E644D1}.DEV|Any CPU.ActiveCfg = Debug|Any CPU
		{D76A0B8A-99AC-4CF4-832A-18A271E644D1}.DEV|Any CPU.Build.0 = Debug|Any CPU
		{D76A0B8A-99AC-4CF4-832A-18A271E644D1}.PROD|Any CPU.ActiveCfg = Debug|Any CPU
		{D76A0B8A-99AC-4CF4-832A-18A271E644D1}.PROD|Any CPU.Build.0 = Debug|Any CPU
		{D76A0B8A-99AC-4CF4-832A-18A271E644D1}.Release|Any CPU.ActiveCfg = Release|Any CPU
		{D76A0B8A-99AC-4CF4-832A-18A271E644D1}.Release|Any CPU.Build.0 = Release|Any CPU
		{D76A0B8A-99AC-4CF4-832A-18A271E644D1}.UAT|Any CPU.ActiveCfg = Debug|Any CPU
		{D76A0B8A-99AC-4CF4-832A-18A271E644D1}.UAT|Any CPU.Build.0 = Debug|Any CPU
	EndGlobalSection
	GlobalSection(SolutionProperties) = preSolution
		HideSolutionNode = FALSE
	EndGlobalSection
	GlobalSection(NestedProjects) = preSolution
		{8150F911-0785-4B6C-ADF3-43299A6F7C50} = {90E9555A-5C74-48C5-85E5-5A4DB5BB08B9}
		{3E4BAB73-A84A-4BC0-A62F-F3A6AC167378} = {FFA4CD79-FA70-4D2E-8EA4-40380890C3B3}
		{2CAADE3B-1292-49C8-A5BF-418329BC933B} = {FFA4CD79-FA70-4D2E-8EA4-40380890C3B3}
		{91F91003-4F09-4DBC-BB26-1C7201CED110} = {90E9555A-5C74-48C5-85E5-5A4DB5BB08B9}
		{0922EAB0-AEDE-434B-A9F6-3D98FD6B2956} = {FFA4CD79-FA70-4D2E-8EA4-40380890C3B3}
		{6CAA0EC7-1395-4250-AB41-959FC4086417} = {3F5039D9-6A78-4357-AE90-9CDBCF895EFC}
		{402B0BF9-A1FB-453E-BDEF-B12765ABCE6B} = {3F5039D9-6A78-4357-AE90-9CDBCF895EFC}
		{3B17B274-67FC-4F02-AC67-C2B247866039} = {C735EFE1-540A-4E81-A50E-574A470E36B0}
		{2BA87A50-D096-43BF-9A5B-3630E6D28F7F} = {C6718AFC-1422-41FC-A01C-E3B2A6A0ACE4}
		{B5A08485-50B0-4C19-BD76-1A8EB7507780} = {C735EFE1-540A-4E81-A50E-574A470E36B0}
		{097853D6-8578-416D-880F-91A7EFB36D9C} = {C735EFE1-540A-4E81-A50E-574A470E36B0}
		{D76A0B8A-99AC-4CF4-832A-18A271E644D1} = {C735EFE1-540A-4E81-A50E-574A470E36B0}
	EndGlobalSection
	GlobalSection(ExtensibilityGlobals) = postSolution
		SolutionGuid = {FF4E9BB2-FF04-4B58-A046-842A469695A5}
	EndGlobalSection
EndGlobal
